
Microsoft Visual Studio Solution File, Format Version 12.00
# Visual Studio Version 16
VisualStudioVersion = 16.0.30803.129
MinimumVisualStudioVersion = 10.0.40219.1
Project("{FAE04EC0-301F-11D3-BF4B-00C04F79EFBC}") = "YcyTv.UWP", "YcyTv\YcyTv.UWP\YcyTv.UWP.csproj", "{2D0B818B-C975-44CA-8CA4-1C8BAB48B3C5}"
EndProject
Project("{FAE04EC0-301F-11D3-BF4B-00C04F79EFBC}") = "YcyTv.Android", "YcyTv\YcyTv.Android\YcyTv.Android.csproj", "{872EC810-63AF-4F10-9695-F48C773BCBFE}"
EndProject
Project("{9A19103F-16F7-4668-BE54-9A1E7A4F7556}") = "YcyTv", "YcyTv\YcyTv\YcyTv.csproj", "{33C01A48-11DD-4966-B6F2-3FFB9A6DD593}"
EndProject
Project("{FAE04EC0-301F-11D3-BF4B-00C04F79EFBC}") = "DkVideoPlayer", "..\..\DkVideoPlayer\DkVideoPlayer\DkVideoPlayer.csproj", "{4313595D-6AFD-4041-BCFC-60651BCA6DD5}"
EndProject
Project("{FAE04EC0-301F-11D3-BF4B-00C04F79EFBC}") = "DkVideoPlayer.So", "..\..\DkVideoPlayer\DkVideoPlayer.So\DkVideoPlayer.So.csproj", "{D2CFDA23-6894-451D-95A3-2A98B8E2266A}"
EndProject
Global
	GlobalSection(SolutionConfigurationPlatforms) = preSolution
		Debug|Any CPU = Debug|Any CPU
		Debug|ARM = Debug|ARM
		Debug|x64 = Debug|x64
		Debug|x86 = Debug|x86
		Release|Any CPU = Release|Any CPU
		Release|ARM = Release|ARM
		Release|x64 = Release|x64
		Release|x86 = Release|x86
	EndGlobalSection
	GlobalSection(ProjectConfigurationPlatforms) = postSolution
		{2D0B818B-C975-44CA-8CA4-1C8BAB48B3C5}.Debug|Any CPU.ActiveCfg = Debug|x86
		{2D0B818B-C975-44CA-8CA4-1C8BAB48B3C5}.Debug|Any CPU.Build.0 = Debug|x86
		{2D0B818B-C975-44CA-8CA4-1C8BAB48B3C5}.Debug|Any CPU.Deploy.0 = Debug|x86
		{2D0B818B-C975-44CA-8CA4-1C8BAB48B3C5}.Debug|ARM.ActiveCfg = Debug|ARM
		{2D0B818B-C975-44CA-8CA4-1C8BAB48B3C5}.Debug|ARM.Build.0 = Debug|ARM
		{2D0B818B-C975-44CA-8CA4-1C8BAB48B3C5}.Debug|ARM.Deploy.0 = Debug|ARM
		{2D0B818B-C975-44CA-8CA4-1C8BAB48B3C5}.Debug|x64.ActiveCfg = Debug|x64
		{2D0B818B-C975-44CA-8CA4-1C8BAB48B3C5}.Debug|x64.Build.0 = Debug|x64
		{2D0B818B-C975-44CA-8CA4-1C8BAB48B3C5}.Debug|x64.Deploy.0 = Debug|x64
		{2D0B818B-C975-44CA-8CA4-1C8BAB48B3C5}.Debug|x86.ActiveCfg = Debug|x86
		{2D0B818B-C975-44CA-8CA4-1C8BAB48B3C5}.Debug|x86.Build.0 = Debug|x86
		{2D0B818B-C975-44CA-8CA4-1C8BAB48B3C5}.Debug|x86.Deploy.0 = Debug|x86
		{2D0B818B-C975-44CA-8CA4-1C8BAB48B3C5}.Release|Any CPU.ActiveCfg = Release|x86
		{2D0B818B-C975-44CA-8CA4-1C8BAB48B3C5}.Release|Any CPU.Build.0 = Release|x86
		{2D0B818B-C975-44CA-8CA4-1C8BAB48B3C5}.Release|Any CPU.Deploy.0 = Release|x86
		{2D0B818B-C975-44CA-8CA4-1C8BAB48B3C5}.Release|ARM.ActiveCfg = Release|ARM
		{2D0B818B-C975-44CA-8CA4-1C8BAB48B3C5}.Release|ARM.Build.0 = Release|ARM
		{2D0B818B-C975-44CA-8CA4-1C8BAB48B3C5}.Release|ARM.Deploy.0 = Release|ARM
		{2D0B818B-C975-44CA-8CA4-1C8BAB48B3C5}.Release|x64.ActiveCfg = Release|x64
		{2D0B818B-C975-44CA-8CA4-1C8BAB48B3C5}.Release|x64.Build.0 = Release|x64
		{2D0B818B-C975-44CA-8CA4-1C8BAB48B3C5}.Release|x64.Deploy.0 = Release|x64
		{2D0B818B-C975-44CA-8CA4-1C8BAB48B3C5}.Release|x86.ActiveCfg = Release|x86
		{2D0B818B-C975-44CA-8CA4-1C8BAB48B3C5}.Release|x86.Build.0 = Release|x86
		{2D0B818B-C975-44CA-8CA4-1C8BAB48B3C5}.Release|x86.Deploy.0 = Release|x86
		{872EC810-63AF-4F10-9695-F48C773BCBFE}.Debug|Any CPU.ActiveCfg = Debug|Any CPU
		{872EC810-63AF-4F10-9695-F48C773BCBFE}.Debug|Any CPU.Build.0 = Debug|Any CPU
		{872EC810-63AF-4F10-9695-F48C773BCBFE}.Debug|Any CPU.Deploy.0 = Debug|Any CPU
		{872EC810-63AF-4F10-9695-F48C773BCBFE}.Debug|ARM.ActiveCfg = Debug|Any CPU
		{872EC810-63AF-4F10-9695-F48C773BCBFE}.Debug|ARM.Build.0 = Debug|Any CPU
		{872EC810-63AF-4F10-9695-F48C773BCBFE}.Debug|ARM.Deploy.0 = Debug|Any CPU
		{872EC810-63AF-4F10-9695-F48C773BCBFE}.Debug|x64.ActiveCfg = Debug|Any CPU
		{872EC810-63AF-4F10-9695-F48C773BCBFE}.Debug|x64.Build.0 = Debug|Any CPU
		{872EC810-63AF-4F10-9695-F48C773BCBFE}.Debug|x64.Deploy.0 = Debug|Any CPU
		{872EC810-63AF-4F10-9695-F48C773BCBFE}.Debug|x86.ActiveCfg = Debug|Any CPU
		{872EC810-63AF-4F10-9695-F48C773BCBFE}.Debug|x86.Build.0 = Debug|Any CPU
		{872EC810-63AF-4F10-9695-F48C773BCBFE}.Debug|x86.Deploy.0 = Debug|Any CPU
		{872EC810-63AF-4F10-9695-F48C773BCBFE}.Release|Any CPU.ActiveCfg = Release|Any CPU
		{872EC810-63AF-4F10-9695-F48C773BCBFE}.Release|Any CPU.Build.0 = Release|Any CPU
		{872EC810-63AF-4F10-9695-F48C773BCBFE}.Release|Any CPU.Deploy.0 = Release|Any CPU
		{872EC810-63AF-4F10-9695-F48C773BCBFE}.Release|ARM.ActiveCfg = Release|Any CPU
		{872EC810-63AF-4F10-9695-F48C773BCBFE}.Release|ARM.Build.0 = Release|Any CPU
		{872EC810-63AF-4F10-9695-F48C773BCBFE}.Release|ARM.Deploy.0 = Release|Any CPU
		{872EC810-63AF-4F10-9695-F48C773BCBFE}.Release|x64.ActiveCfg = Release|Any CPU
		{872EC810-63AF-4F10-9695-F48C773BCBFE}.Release|x64.Build.0 = Release|Any CPU
		{872EC810-63AF-4F10-9695-F48C773BCBFE}.Release|x64.Deploy.0 = Release|Any CPU
		{872EC810-63AF-4F10-9695-F48C773BCBFE}.Release|x86.ActiveCfg = Release|Any CPU
		{872EC810-63AF-4F10-9695-F48C773BCBFE}.Release|x86.Build.0 = Release|Any CPU
		{872EC810-63AF-4F10-9695-F48C773BCBFE}.Release|x86.Deploy.0 = Release|Any CPU
		{33C01A48-11DD-4966-B6F2-3FFB9A6DD593}.Debug|Any CPU.ActiveCfg = Debug|Any CPU
		{33C01A48-11DD-4966-B6F2-3FFB9A6DD593}.Debug|Any CPU.Build.0 = Debug|Any CPU
		{33C01A48-11DD-4966-B6F2-3FFB9A6DD593}.Debug|Any CPU.Deploy.0 = Debug|Any CPU
		{33C01A48-11DD-4966-B6F2-3FFB9A6DD593}.Debug|ARM.ActiveCfg = Debug|Any CPU
		{33C01A48-11DD-4966-B6F2-3FFB9A6DD593}.Debug|ARM.Build.0 = Debug|Any CPU
		{33C01A48-11DD-4966-B6F2-3FFB9A6DD593}.Debug|ARM.Deploy.0 = Debug|Any CPU
		{33C01A48-11DD-4966-B6F2-3FFB9A6DD593}.Debug|x64.ActiveCfg = Debug|Any CPU
		{33C01A48-11DD-4966-B6F2-3FFB9A6DD593}.Debug|x64.Build.0 = Debug|Any CPU
		{33C01A48-11DD-4966-B6F2-3FFB9A6DD593}.Debug|x64.Deploy.0 = Debug|Any CPU
		{33C01A48-11DD-4966-B6F2-3FFB9A6DD593}.Debug|x86.ActiveCfg = Debug|Any CPU
		{33C01A48-11DD-4966-B6F2-3FFB9A6DD593}.Debug|x86.Build.0 = Debug|Any CPU
		{33C01A48-11DD-4966-B6F2-3FFB9A6DD593}.Debug|x86.Deploy.0 = Debug|Any CPU
		{33C01A48-11DD-4966-B6F2-3FFB9A6DD593}.Release|Any CPU.ActiveCfg = Release|Any CPU
		{33C01A48-11DD-4966-B6F2-3FFB9A6DD593}.Release|Any CPU.Build.0 = Release|Any CPU
		{33C01A48-11DD-4966-B6F2-3FFB9A6DD593}.Release|Any CPU.Deploy.0 = Release|Any CPU
		{33C01A48-11DD-4966-B6F2-3FFB9A6DD593}.Release|ARM.ActiveCfg = Release|Any CPU
		{33C01A48-11DD-4966-B6F2-3FFB9A6DD593}.Release|ARM.Build.0 = Release|Any CPU
		{33C01A48-11DD-4966-B6F2-3FFB9A6DD593}.Release|ARM.Deploy.0 = Release|Any CPU
		{33C01A48-11DD-4966-B6F2-3FFB9A6DD593}.Release|x64.ActiveCfg = Release|Any CPU
		{33C01A48-11DD-4966-B6F2-3FFB9A6DD593}.Release|x64.Build.0 = Release|Any CPU
		{33C01A48-11DD-4966-B6F2-3FFB9A6DD593}.Release|x64.Deploy.0 = Release|Any CPU
		{33C01A48-11DD-4966-B6F2-3FFB9A6DD593}.Release|x86.ActiveCfg = Release|Any CPU
		{33C01A48-11DD-4966-B6F2-3FFB9A6DD593}.Release|x86.Build.0 = Release|Any CPU
		{33C01A48-11DD-4966-B6F2-3FFB9A6DD593}.Release|x86.Deploy.0 = Release|Any CPU
		{4313595D-6AFD-4041-BCFC-60651BCA6DD5}.Debug|Any CPU.ActiveCfg = Debug|Any CPU
		{4313595D-6AFD-4041-BCFC-60651BCA6DD5}.Debug|Any CPU.Build.0 = Debug|Any CPU
		{4313595D-6AFD-4041-BCFC-60651BCA6DD5}.Debug|ARM.ActiveCfg = Debug|Any CPU
		{4313595D-6AFD-4041-BCFC-60651BCA6DD5}.Debug|ARM.Build.0 = Debug|Any CPU
		{4313595D-6AFD-4041-BCFC-60651BCA6DD5}.Debug|x64.ActiveCfg = Debug|Any CPU
		{4313595D-6AFD-4041-BCFC-60651BCA6DD5}.Debug|x64.Build.0 = Debug|Any CPU
		{4313595D-6AFD-4041-BCFC-60651BCA6DD5}.Debug|x86.ActiveCfg = Debug|Any CPU
		{4313595D-6AFD-4041-BCFC-60651BCA6DD5}.Debug|x86.Build.0 = Debug|Any CPU
		{4313595D-6AFD-4041-BCFC-60651BCA6DD5}.Release|Any CPU.ActiveCfg = Release|Any CPU
		{4313595D-6AFD-4041-BCFC-60651BCA6DD5}.Release|Any CPU.Build.0 = Release|Any CPU
		{4313595D-6AFD-4041-BCFC-60651BCA6DD5}.Release|ARM.ActiveCfg = Release|Any CPU
		{4313595D-6AFD-4041-BCFC-60651BCA6DD5}.Release|ARM.Build.0 = Release|Any CPU
		{4313595D-6AFD-4041-BCFC-60651BCA6DD5}.Release|x64.ActiveCfg = Release|Any CPU
		{4313595D-6AFD-4041-BCFC-60651BCA6DD5}.Release|x64.Build.0 = Release|Any CPU
		{4313595D-6AFD-4041-BCFC-60651BCA6DD5}.Release|x86.ActiveCfg = Release|Any CPU
		{4313595D-6AFD-4041-BCFC-60651BCA6DD5}.Release|x86.Build.0 = Release|Any CPU
		{D2CFDA23-6894-451D-95A3-2A98B8E2266A}.Debug|Any CPU.ActiveCfg = Debug|Any CPU
		{D2CFDA23-6894-451D-95A3-2A98B8E2266A}.Debug|Any CPU.Build.0 = Debug|Any CPU
		{D2CFDA23-6894-451D-95A3-2A98B8E2266A}.Debug|ARM.ActiveCfg = Debug|Any CPU
		{D2CFDA23-6894-451D-95A3-2A98B8E2266A}.Debug|ARM.Build.0 = Debug|Any CPU
		{D2CFDA23-6894-451D-95A3-2A98B8E2266A}.Debug|x64.ActiveCfg = Debug|Any CPU
		{D2CFDA23-6894-451D-95A3-2A98B8E2266A}.Debug|x64.Build.0 = Debug|Any CPU
		{D2CFDA23-6894-451D-95A3-2A98B8E2266A}.Debug|x86.ActiveCfg = Debug|Any CPU
		{D2CFDA23-6894-451D-95A3-2A98B8E2266A}.Debug|x86.Build.0 = Debug|Any CPU
		{D2CFDA23-6894-451D-95A3-2A98B8E2266A}.Release|Any CPU.ActiveCfg = Release|Any CPU
		{D2CFDA23-6894-451D-95A3-2A98B8E2266A}.Release|Any CPU.Build.0 = Release|Any CPU
		{D2CFDA23-6894-451D-95A3-2A98B8E2266A}.Release|ARM.ActiveCfg = Release|Any CPU
		{D2CFDA23-6894-451D-95A3-2A98B8E2266A}.Release|ARM.Build.0 = Release|Any CPU
		{D2CFDA23-6894-451D-95A3-2A98B8E2266A}.Release|x64.ActiveCfg = Release|Any CPU
		{D2CFDA23-6894-451D-95A3-2A98B8E2266A}.Release|x64.Build.0 = Release|Any CPU
		{D2CFDA23-6894-451D-95A3-2A98B8E2266A}.Release|x86.ActiveCfg = Release|Any CPU
		{D2CFDA23-6894-451D-95A3-2A98B8E2266A}.Release|x86.Build.0 = Release|Any CPU
	EndGlobalSection
	GlobalSection(SolutionProperties) = preSolution
		HideSolutionNode = FALSE
	EndGlobalSection
	GlobalSection(ExtensibilityGlobals) = postSolution
		SolutionGuid = {ECD6B90D-40F0-4981-A8A8-07AD498B3D0B}
	EndGlobalSection
EndGlobal
